lockfile_version: '1'
generated_at: '2026-04-21T21:45:34.516938+00:00'
dependencies: []
local_deployed_files:
- .github/agents/agentic-workflows.agent.md
- .github/agents/apm-ceo.agent.md
- .github/agents/apm-primitives-architect.agent.md
- .github/agents/auth-expert.agent.md
- .github/agents/cli-logging-expert.agent.md
- .github/agents/devx-ux-expert.agent.md
- .github/agents/doc-analyser.agent.md
- .github/agents/doc-writer.agent.md
- .github/agents/oss-growth-hacker.agent.md
- .github/agents/python-architect.agent.md
- .github/agents/supply-chain-security-expert.agent.md
- .github/instructions/changelog.instructions.md
- .github/instructions/cicd.instructions.md
- .github/instructions/cli.instructions.md
- .github/instructions/doc-sync.instructions.md
- .github/instructions/encoding.instructions.md
- .github/instructions/integrators.instructions.md
- .github/instructions/linting.instructions.md
- .github/instructions/python.instructions.md
- .github/instructions/tests.instructions.md
- .github/skills/apm-review-panel
- .github/skills/apm-strategy
- .github/skills/apm-triage-panel
- .github/skills/auth
- .github/skills/cli-logging-ux
- .github/skills/devx-ux
- .github/skills/oss-growth
- .github/skills/pr-description-skill
- .github/skills/python-architecture
- .github/skills/supply-chain-security
local_deployed_file_hashes:
  .github/agents/agentic-workflows.agent.md: sha256:d1ea2d038e2af8be11d6c95b3213b03b9777fae46f0438efa95d5a803e6c3765
  .github/agents/apm-ceo.agent.md: sha256:82b259a9fbef2ba44acdb354921f23ee1caf4a70df2dc8bfddac64b1ede95630
  .github/agents/apm-primitives-architect.agent.md: sha256:6c01eab74ba18d70f21d45010d636cc6535d63cee81da12e61898d8036e0b028
  .github/agents/auth-expert.agent.md: sha256:18264a933cba432b77d133e6ae11eee294c92ed245629af8c9b7a5bb7a9a300c
  .github/agents/cli-logging-expert.agent.md: sha256:3ed7fe1a2e28e03a40311d4999ef54330908920d6515205708dd3f037abfcf0f
  .github/agents/devx-ux-expert.agent.md: sha256:8310d130cca5bc548baf4a2a84e3c9680c9dc5d83a2718150636896ab2aa1f30
  .github/agents/doc-analyser.agent.md: sha256:47b1d0204904b786c19d4fe84343e86cdab6f92f862f676ba741ffe6e1385679
  .github/agents/doc-writer.agent.md: sha256:328a5b9ea079869b8ccd914a6e2135c204225a5eedb42f59a1ec73058f7f0b47
  .github/agents/oss-growth-hacker.agent.md: sha256:1cd56bb78ab37d52c50e45ab69d759f775cd49cdf35981b3dc6c4004315c6b83
  .github/agents/python-architect.agent.md: sha256:d268f86b55e137ecb09d137f6c3e12ecb9acceff34701c04f11dbdd1e08f828b
  .github/agents/supply-chain-security-expert.agent.md: sha256:8fb8cc426d6af17ba084a28b3f026c2b475b62e3ca63ed2f88b83bd823f877af
  .github/instructions/changelog.instructions.md: sha256:1e51ec4c74e847967962bd279dc4c6e582c5d3578490b3c28d5f3acd3e05f73e
  .github/instructions/cicd.instructions.md: sha256:9c0fafc74f743aa97e5adba2168d66c9e3a327b135065e3b804bdbb5f04cda5d
  .github/instructions/cli.instructions.md: sha256:8e39e8d5047ce88575cb02f87c2bcede584dfef258bd86f7466c7badf136541a
  .github/instructions/doc-sync.instructions.md: sha256:bb3816254f8df6bffc6faacd556871f36903e9d7f348982f1e2de0339384c696
  .github/instructions/encoding.instructions.md: sha256:93db7377dc896f6efecf2c5d8c5d89255a555562f468d034d64c42edd5cf46d5
  .github/instructions/integrators.instructions.md: sha256:b151e0438088d2c0b636dfc28532ecf43c3b51e5f1070a354b8d5b57c345e335
  .github/instructions/linting.instructions.md: sha256:312acd32353567834ec9f4f246710a47a991729a11c0380aa6a010b63de607eb
  .github/instructions/python.instructions.md: sha256:45173f778eddc126c37c7ace96acd0e17adb1895031eec134ec0754638d3ba37
  .github/instructions/tests.instructions.md: sha256:4c6335e3373f9735778a05913f2d8ef250d118f8c5305e70ba407e578a525ef7
